
Microsoft Visual Studio Solution File, Format Version 12.00
# Visual Studio Version 17
VisualStudioVersion = 17.0.31903.59
MinimumVisualStudioVersion = 10.0.40219.1
Project("{FAE04EC0-301F-11D3-BF4B-00C04F79EFBC}") = "ConcreteShipping", "ConcreteShipping\ConcreteShipping.csproj", "{CCCC4B34-BB1D-40E2-A77F-C5FD603C44C8}"
EndProject
Project("{FAE04EC0-301F-11D3-BF4B-00C04F79EFBC}") = "ConcreteShipping.Tests", "ConcreteShipping.Tests\ConcreteShipping.Tests.csproj", "{2524E03A-789B-429F-8339-A0DE4AD693C5}"
EndProject
Global
	GlobalSection(SolutionConfigurationPlatforms) = preSolution
		Debug|Any CPU = Debug|Any CPU
		Debug|x64 = Debug|x64
		Debug|x86 = Debug|x86
		Release|Any CPU = Release|Any CPU
		Release|x64 = Release|x64
		Release|x86 = Release|x86
	EndGlobalSection
	GlobalSection(ProjectConfigurationPlatforms) = postSolution
		{CCCC4B34-BB1D-40E2-A77F-C5FD603C44C8}.Debug|Any CPU.ActiveCfg = Debug|Any CPU
		{CCCC4B34-BB1D-40E2-A77F-C5FD603C44C8}.Debug|Any CPU.Build.0 = Debug|Any CPU
		{CCCC4B34-BB1D-40E2-A77F-C5FD603C44C8}.Debug|x64.ActiveCfg = Debug|Any CPU
		{CCCC4B34-BB1D-40E2-A77F-C5FD603C44C8}.Debug|x64.Build.0 = Debug|Any CPU
		{CCCC4B34-BB1D-40E2-A77F-C5FD603C44C8}.Debug|x86.ActiveCfg = Debug|Any CPU
		{CCCC4B34-BB1D-40E2-A77F-C5FD603C44C8}.Debug|x86.Build.0 = Debug|Any CPU
		{CCCC4B34-BB1D-40E2-A77F-C5FD603C44C8}.Release|Any CPU.ActiveCfg = Release|Any CPU
		{CCCC4B34-BB1D-40E2-A77F-C5FD603C44C8}.Release|Any CPU.Build.0 = Release|Any CPU
		{CCCC4B34-BB1D-40E2-A77F-C5FD603C44C8}.Release|x64.ActiveCfg = Release|Any CPU
		{CCCC4B34-BB1D-40E2-A77F-C5FD603C44C8}.Release|x64.Build.0 = Release|Any CPU
		{CCCC4B34-BB1D-40E2-A77F-C5FD603C44C8}.Release|x86.ActiveCfg = Release|Any CPU
		{CCCC4B34-BB1D-40E2-A77F-C5FD603C44C8}.Release|x86.Build.0 = Release|Any CPU
		{2524E03A-789B-429F-8339-A0DE4AD693C5}.Debug|Any CPU.ActiveCfg = Debug|Any CPU
		{2524E03A-789B-429F-8339-A0DE4AD693C5}.Debug|Any CPU.Build.0 = Debug|Any CPU
		{2524E03A-789B-429F-8339-A0DE4AD693C5}.Debug|x64.ActiveCfg = Debug|Any CPU
		{2524E03A-789B-429F-8339-A0DE4AD693C5}.Debug|x64.Build.0 = Debug|Any CPU
		{2524E03A-789B-429F-8339-A0DE4AD693C5}.Debug|x86.ActiveCfg = Debug|Any CPU
		{2524E03A-789B-429F-8339-A0DE4AD693C5}.Debug|x86.Build.0 = Debug|Any CPU
		{2524E03A-789B-429F-8339-A0DE4AD693C5}.Release|Any CPU.ActiveCfg = Release|Any CPU
		{2524E03A-789B-429F-8339-A0DE4AD693C5}.Release|Any CPU.Build.0 = Release|Any CPU
		{2524E03A-789B-429F-8339-A0DE4AD693C5}.Release|x64.ActiveCfg = Release|Any CPU
		{2524E03A-789B-429F-8339-A0DE4AD693C5}.Release|x64.Build.0 = Release|Any CPU
		{2524E03A-789B-429F-8339-A0DE4AD693C5}.Release|x86.ActiveCfg = Release|Any CPU
		{2524E03A-789B-429F-8339-A0DE4AD693C5}.Release|x86.Build.0 = Release|Any CPU
	EndGlobalSection
	GlobalSection(SolutionProperties) = preSolution
		HideSolutionNode = FALSE
	EndGlobalSection
EndGlobal
